PODS:
  - Pulsator (0.3.0)
  - SocketRocket (0.5.1)
  - SwiftyJSON (2.4.0)

DEPENDENCIES:
  - Pulsator
  - SocketRocket (~> 0.5)
  - SwiftyJSON (~> 2.3)

SPEC CHECKSUMS:
  Pulsator: 0191f14f7ab82d6dbde6fdbde42036f07a4450e3
  SocketRocket: d57c7159b83c3c6655745cd15302aa24b6bae531
  SwiftyJSON: 96918c1bf505efa50c4f72957018dd3452090c9c

PODFILE CHECKSUM: 18d1d2875e70d08cf74fdeca66e66c59cdbccbaf

COCOAPODS: 1.2.0
